
Microsoft Visual Studio Solution File, Format Version 12.00
# Visual Studio Version 17
VisualStudioVersion = 17.4.33213.308
MinimumVisualStudioVersion = 10.0.40219.1
Project("{9A19103F-16F7-4668-BE54-9A1E7A4F7556}") = "Ultima", "Ultima\Ultima.csproj", "{E08CFBE4-E013-44EE-8829-426D05BC083F}"
EndProject
Project("{9A19103F-16F7-4668-BE54-9A1E7A4F7556}") = "UoFiddler.Controls", "UoFiddler.Controls\UoFiddler.Controls.csproj", "{BBF3C337-3D0E-484D-8C59-BA8296C5897C}"
EndProject
Project("{9A19103F-16F7-4668-BE54-9A1E7A4F7556}") = "UoFiddler", "UoFiddler\UoFiddler.csproj", "{693F2BBC-7856-4751-9FAD-B06FABAAEE53}"
EndProject
Project("{9A19103F-16F7-4668-BE54-9A1E7A4F7556}") = "UoFiddler.Plugin.SendItem", "UoFiddler.Plugin.SendItem\UoFiddler.Plugin.SendItem.csproj", "{AF2D75B8-C71A-4582-AADF-B8CD9789427C}"
EndProject
Project("{9A19103F-16F7-4668-BE54-9A1E7A4F7556}") = "UoFiddler.Plugin.Compare", "UoFiddler.Plugin.Compare\UoFiddler.Plugin.Compare.csproj", "{1F84EDD1-C407-410A-BD9C-36E846BFA675}"
EndProject
Project("{9A19103F-16F7-4668-BE54-9A1E7A4F7556}") = "UoFiddler.Plugin.MultiEditor", "UoFiddler.Plugin.MultiEditor\UoFiddler.Plugin.MultiEditor.csproj", "{ACDF6427-85CF-4A38-AD97-75103EE8026E}"
EndProject
Project("{9A19103F-16F7-4668-BE54-9A1E7A4F7556}") = "UoFiddler.Plugin.MassImport", "UoFiddler.Plugin.MassImport\UoFiddler.Plugin.MassImport.csproj", "{43393FEB-36CF-41B7-8ADA-A581D498FF40}"
EndProject
Project("{2150E333-8FDC-42A3-9474-1A3956D46DE8}") = "Solution Items", "Solution Items", "{148262D2-5057-4CA1-B871-B1C744DB3994}"
	ProjectSection(SolutionItems) = preProject
		.editorconfig = .editorconfig
		.github\workflows\build-and-release.yml = .github\workflows\build-and-release.yml
		.github\workflows\build-pr.yml = .github\workflows\build-pr.yml
		README.md = README.md
	EndProjectSection
EndProject
Project("{9A19103F-16F7-4668-BE54-9A1E7A4F7556}") = "UoFiddler.Plugin.UopPacker", "UoFiddler.Plugin.UopPacker\UoFiddler.Plugin.UopPacker.csproj", "{CB56DEB3-7304-4AD4-8442-BD1CAA58D472}"
EndProject
Project("{9A19103F-16F7-4668-BE54-9A1E7A4F7556}") = "UoFiddler.Plugin.ConverterMultiTextPlugin", "UoFiddler.Plugin.ConverterMultiTextPlugin\UoFiddler.Plugin.ConverterMultiTextPlugin.csproj", "{744A16EE-54F5-485F-BE86-606012D1047A}"
EndProject
Project("{2150E333-8FDC-42A3-9474-1A3956D46DE8}") = "DLL", "DLL", "{3B8D6059-AC5E-42F6-A5A0-350D1FCC113F}"
EndProject
Project("{FAE04EC0-301F-11D3-BF4B-00C04F79EFBC}") = "Terrain", "DLL\Terrain\DLLSource\Terrain.csproj", "{9665236F-4092-40A0-A73C-CBFEF944CED3}"
EndProject
Project("{FAE04EC0-301F-11D3-BF4B-00C04F79EFBC}") = "Elevation", "DLL\Elevation\DLLSource\Elevation.csproj", "{2DB14F29-B468-41FD-AB78-A5FA986CEBD1}"
EndProject
Project("{FAE04EC0-301F-11D3-BF4B-00C04F79EFBC}") = "Logger", "DLL\Logger\DLLSource\Logger.csproj", "{E087C4C6-8E55-428A-A0E9-2554D0F4DCAD}"
EndProject
Project("{FAE04EC0-301F-11D3-BF4B-00C04F79EFBC}") = "Transition", "DLL\Transition\DLLSource\Transition.csproj", "{A96392E4-ACE3-4FF1-A9AD-28E7C6E3D228}"
EndProject
Project("{FAE04EC0-301F-11D3-BF4B-00C04F79EFBC}") = "Ultima", "DLL\Ultima\DLLSource\Ultima.csproj", "{27F2D0CB-E224-4CE3-8683-11CDED1576BB}"
EndProject
Project("{9A19103F-16F7-4668-BE54-9A1E7A4F7556}") = "UoFiddler.Plugin.DesignStudio", "UoFiddler.Plugin.GumpStudioPlugin\UoFiddler.Plugin.DesignStudio.csproj", "{74C4CE2F-3DC3-4472-ACF6-13164CB99785}"
EndProject
Project("{9A19103F-16F7-4668-BE54-9A1E7A4F7556}") = "UoFiddler.Plugin.ExamplePlugin", "UoFiddler.Plugin.ExamplePlugin\UoFiddler.Plugin.ExamplePlugin.csproj", "{1EAEC93D-833C-4D23-886A-8ED99D9392BF}"
EndProject
Global
	GlobalSection(SolutionConfigurationPlatforms) = preSolution
		Debug|Any CPU = Debug|Any CPU
		Debug|x64 = Debug|x64
		Debug|x86 = Debug|x86
		Release|Any CPU = Release|Any CPU
		Release|x64 = Release|x64
		Release|x86 = Release|x86
	EndGlobalSection
	GlobalSection(ProjectConfigurationPlatforms) = postSolution
		{E08CFBE4-E013-44EE-8829-426D05BC083F}.Debug|Any CPU.ActiveCfg = Debug|Any CPU
		{E08CFBE4-E013-44EE-8829-426D05BC083F}.Debug|Any CPU.Build.0 = Debug|Any CPU
		{E08CFBE4-E013-44EE-8829-426D05BC083F}.Debug|x64.ActiveCfg = Debug|Any CPU
		{E08CFBE4-E013-44EE-8829-426D05BC083F}.Debug|x64.Build.0 = Debug|Any CPU
		{E08CFBE4-E013-44EE-8829-426D05BC083F}.Debug|x86.ActiveCfg = Debug|Any CPU
		{E08CFBE4-E013-44EE-8829-426D05BC083F}.Debug|x86.Build.0 = Debug|Any CPU
		{E08CFBE4-E013-44EE-8829-426D05BC083F}.Release|Any CPU.ActiveCfg = Release|Any CPU
		{E08CFBE4-E013-44EE-8829-426D05BC083F}.Release|Any CPU.Build.0 = Release|Any CPU
		{E08CFBE4-E013-44EE-8829-426D05BC083F}.Release|x64.ActiveCfg = Release|Any CPU
		{E08CFBE4-E013-44EE-8829-426D05BC083F}.Release|x64.Build.0 = Release|Any CPU
		{E08CFBE4-E013-44EE-8829-426D05BC083F}.Release|x86.ActiveCfg = Release|Any CPU
		{E08CFBE4-E013-44EE-8829-426D05BC083F}.Release|x86.Build.0 = Release|Any CPU
		{BBF3C337-3D0E-484D-8C59-BA8296C5897C}.Debug|Any CPU.ActiveCfg = Debug|Any CPU
		{BBF3C337-3D0E-484D-8C59-BA8296C5897C}.Debug|Any CPU.Build.0 = Debug|Any CPU
		{BBF3C337-3D0E-484D-8C59-BA8296C5897C}.Debug|x64.ActiveCfg = Debug|Any CPU
		{BBF3C337-3D0E-484D-8C59-BA8296C5897C}.Debug|x64.Build.0 = Debug|Any CPU
		{BBF3C337-3D0E-484D-8C59-BA8296C5897C}.Debug|x86.ActiveCfg = Debug|Any CPU
		{BBF3C337-3D0E-484D-8C59-BA8296C5897C}.Debug|x86.Build.0 = Debug|Any CPU
		{BBF3C337-3D0E-484D-8C59-BA8296C5897C}.Release|Any CPU.ActiveCfg = Release|Any CPU
		{BBF3C337-3D0E-484D-8C59-BA8296C5897C}.Release|Any CPU.Build.0 = Release|Any CPU
		{BBF3C337-3D0E-484D-8C59-BA8296C5897C}.Release|x64.ActiveCfg = Release|Any CPU
		{BBF3C337-3D0E-484D-8C59-BA8296C5897C}.Release|x64.Build.0 = Release|Any CPU
		{BBF3C337-3D0E-484D-8C59-BA8296C5897C}.Release|x86.ActiveCfg = Release|Any CPU
		{BBF3C337-3D0E-484D-8C59-BA8296C5897C}.Release|x86.Build.0 = Release|Any CPU
		{693F2BBC-7856-4751-9FAD-B06FABAAEE53}.Debug|Any CPU.ActiveCfg = Debug|Any CPU
		{693F2BBC-7856-4751-9FAD-B06FABAAEE53}.Debug|Any CPU.Build.0 = Debug|Any CPU
		{693F2BBC-7856-4751-9FAD-B06FABAAEE53}.Debug|x64.ActiveCfg = Debug|Any CPU
		{693F2BBC-7856-4751-9FAD-B06FABAAEE53}.Debug|x64.Build.0 = Debug|Any CPU
		{693F2BBC-7856-4751-9FAD-B06FABAAEE53}.Debug|x86.ActiveCfg = Debug|Any CPU
		{693F2BBC-7856-4751-9FAD-B06FABAAEE53}.Debug|x86.Build.0 = Debug|Any CPU
		{693F2BBC-7856-4751-9FAD-B06FABAAEE53}.Release|Any CPU.ActiveCfg = Release|Any CPU
		{693F2BBC-7856-4751-9FAD-B06FABAAEE53}.Release|Any CPU.Build.0 = Release|Any CPU
		{693F2BBC-7856-4751-9FAD-B06FABAAEE53}.Release|x64.ActiveCfg = Release|Any CPU
		{693F2BBC-7856-4751-9FAD-B06FABAAEE53}.Release|x64.Build.0 = Release|Any CPU
		{693F2BBC-7856-4751-9FAD-B06FABAAEE53}.Release|x86.ActiveCfg = Release|Any CPU
		{693F2BBC-7856-4751-9FAD-B06FABAAEE53}.Release|x86.Build.0 = Release|Any CPU
		{AF2D75B8-C71A-4582-AADF-B8CD9789427C}.Debug|Any CPU.ActiveCfg = Debug|Any CPU
		{AF2D75B8-C71A-4582-AADF-B8CD9789427C}.Debug|Any CPU.Build.0 = Debug|Any CPU
		{AF2D75B8-C71A-4582-AADF-B8CD9789427C}.Debug|x64.ActiveCfg = Debug|Any CPU
		{AF2D75B8-C71A-4582-AADF-B8CD9789427C}.Debug|x64.Build.0 = Debug|Any CPU
		{AF2D75B8-C71A-4582-AADF-B8CD9789427C}.Debug|x86.ActiveCfg = Debug|Any CPU
		{AF2D75B8-C71A-4582-AADF-B8CD9789427C}.Debug|x86.Build.0 = Debug|Any CPU
		{AF2D75B8-C71A-4582-AADF-B8CD9789427C}.Release|Any CPU.ActiveCfg = Release|Any CPU
		{AF2D75B8-C71A-4582-AADF-B8CD9789427C}.Release|Any CPU.Build.0 = Release|Any CPU
		{AF2D75B8-C71A-4582-AADF-B8CD9789427C}.Release|x64.ActiveCfg = Release|Any CPU
		{AF2D75B8-C71A-4582-AADF-B8CD9789427C}.Release|x64.Build.0 = Release|Any CPU
		{AF2D75B8-C71A-4582-AADF-B8CD9789427C}.Release|x86.ActiveCfg = Release|Any CPU
		{AF2D75B8-C71A-4582-AADF-B8CD9789427C}.Release|x86.Build.0 = Release|Any CPU
		{1F84EDD1-C407-410A-BD9C-36E846BFA675}.Debug|Any CPU.ActiveCfg = Debug|Any CPU
		{1F84EDD1-C407-410A-BD9C-36E846BFA675}.Debug|Any CPU.Build.0 = Debug|Any CPU
		{1F84EDD1-C407-410A-BD9C-36E846BFA675}.Debug|x64.ActiveCfg = Debug|Any CPU
		{1F84EDD1-C407-410A-BD9C-36E846BFA675}.Debug|x64.Build.0 = Debug|Any CPU
		{1F84EDD1-C407-410A-BD9C-36E846BFA675}.Debug|x86.ActiveCfg = Debug|Any CPU
		{1F84EDD1-C407-410A-BD9C-36E846BFA675}.Debug|x86.Build.0 = Debug|Any CPU
		{1F84EDD1-C407-410A-BD9C-36E846BFA675}.Release|Any CPU.ActiveCfg = Release|Any CPU
		{1F84EDD1-C407-410A-BD9C-36E846BFA675}.Release|Any CPU.Build.0 = Release|Any CPU
		{1F84EDD1-C407-410A-BD9C-36E846BFA675}.Release|x64.ActiveCfg = Release|Any CPU
		{1F84EDD1-C407-410A-BD9C-36E846BFA675}.Release|x64.Build.0 = Release|Any CPU
		{1F84EDD1-C407-410A-BD9C-36E846BFA675}.Release|x86.ActiveCfg = Release|Any CPU
		{1F84EDD1-C407-410A-BD9C-36E846BFA675}.Release|x86.Build.0 = Release|Any CPU
		{ACDF6427-85CF-4A38-AD97-75103EE8026E}.Debug|Any CPU.ActiveCfg = Debug|Any CPU
		{ACDF6427-85CF-4A38-AD97-75103EE8026E}.Debug|Any CPU.Build.0 = Debug|Any CPU
		{ACDF6427-85CF-4A38-AD97-75103EE8026E}.Debug|x64.ActiveCfg = Debug|Any CPU
		{ACDF6427-85CF-4A38-AD97-75103EE8026E}.Debug|x64.Build.0 = Debug|Any CPU
		{ACDF6427-85CF-4A38-AD97-75103EE8026E}.Debug|x86.ActiveCfg = Debug|Any CPU
		{ACDF6427-85CF-4A38-AD97-75103EE8026E}.Debug|x86.Build.0 = Debug|Any CPU
		{ACDF6427-85CF-4A38-AD97-75103EE8026E}.Release|Any CPU.ActiveCfg = Release|Any CPU
		{ACDF6427-85CF-4A38-AD97-75103EE8026E}.Release|Any CPU.Build.0 = Release|Any CPU
		{ACDF6427-85CF-4A38-AD97-75103EE8026E}.Release|x64.ActiveCfg = Release|Any CPU
		{ACDF6427-85CF-4A38-AD97-75103EE8026E}.Release|x64.Build.0 = Release|Any CPU
		{ACDF6427-85CF-4A38-AD97-75103EE8026E}.Release|x86.ActiveCfg = Release|Any CPU
		{ACDF6427-85CF-4A38-AD97-75103EE8026E}.Release|x86.Build.0 = Release|Any CPU
		{43393FEB-36CF-41B7-8ADA-A581D498FF40}.Debug|Any CPU.ActiveCfg = Debug|Any CPU
		{43393FEB-36CF-41B7-8ADA-A581D498FF40}.Debug|Any CPU.Build.0 = Debug|Any CPU
		{43393FEB-36CF-41B7-8ADA-A581D498FF40}.Debug|x64.ActiveCfg = Debug|Any CPU
		{43393FEB-36CF-41B7-8ADA-A581D498FF40}.Debug|x64.Build.0 = Debug|Any CPU
		{43393FEB-36CF-41B7-8ADA-A581D498FF40}.Debug|x86.ActiveCfg = Debug|Any CPU
		{43393FEB-36CF-41B7-8ADA-A581D498FF40}.Debug|x86.Build.0 = Debug|Any CPU
		{43393FEB-36CF-41B7-8ADA-A581D498FF40}.Release|Any CPU.ActiveCfg = Release|Any CPU
		{43393FEB-36CF-41B7-8ADA-A581D498FF40}.Release|Any CPU.Build.0 = Release|Any CPU
		{43393FEB-36CF-41B7-8ADA-A581D498FF40}.Release|x64.ActiveCfg = Release|Any CPU
		{43393FEB-36CF-41B7-8ADA-A581D498FF40}.Release|x64.Build.0 = Release|Any CPU
		{43393FEB-36CF-41B7-8ADA-A581D498FF40}.Release|x86.ActiveCfg = Release|Any CPU
		{43393FEB-36CF-41B7-8ADA-A581D498FF40}.Release|x86.Build.0 = Release|Any CPU
		{CB56DEB3-7304-4AD4-8442-BD1CAA58D472}.Debug|Any CPU.ActiveCfg = Debug|Any CPU
		{CB56DEB3-7304-4AD4-8442-BD1CAA58D472}.Debug|Any CPU.Build.0 = Debug|Any CPU
		{CB56DEB3-7304-4AD4-8442-BD1CAA58D472}.Debug|x64.ActiveCfg = Debug|Any CPU
		{CB56DEB3-7304-4AD4-8442-BD1CAA58D472}.Debug|x64.Build.0 = Debug|Any CPU
		{CB56DEB3-7304-4AD4-8442-BD1CAA58D472}.Debug|x86.ActiveCfg = Debug|Any CPU
		{CB56DEB3-7304-4AD4-8442-BD1CAA58D472}.Debug|x86.Build.0 = Debug|Any CPU
		{CB56DEB3-7304-4AD4-8442-BD1CAA58D472}.Release|Any CPU.ActiveCfg = Release|Any CPU
		{CB56DEB3-7304-4AD4-8442-BD1CAA58D472}.Release|Any CPU.Build.0 = Release|Any CPU
		{CB56DEB3-7304-4AD4-8442-BD1CAA58D472}.Release|x64.ActiveCfg = Release|Any CPU
		{CB56DEB3-7304-4AD4-8442-BD1CAA58D472}.Release|x64.Build.0 = Release|Any CPU
		{CB56DEB3-7304-4AD4-8442-BD1CAA58D472}.Release|x86.ActiveCfg = Release|Any CPU
		{CB56DEB3-7304-4AD4-8442-BD1CAA58D472}.Release|x86.Build.0 = Release|Any CPU
		{744A16EE-54F5-485F-BE86-606012D1047A}.Debug|Any CPU.ActiveCfg = Debug|Any CPU
		{744A16EE-54F5-485F-BE86-606012D1047A}.Debug|Any CPU.Build.0 = Debug|Any CPU
		{744A16EE-54F5-485F-BE86-606012D1047A}.Debug|x64.ActiveCfg = Debug|Any CPU
		{744A16EE-54F5-485F-BE86-606012D1047A}.Debug|x64.Build.0 = Debug|Any CPU
		{744A16EE-54F5-485F-BE86-606012D1047A}.Debug|x86.ActiveCfg = Debug|Any CPU
		{744A16EE-54F5-485F-BE86-606012D1047A}.Debug|x86.Build.0 = Debug|Any CPU
		{744A16EE-54F5-485F-BE86-606012D1047A}.Release|Any CPU.ActiveCfg = Release|Any CPU
		{744A16EE-54F5-485F-BE86-606012D1047A}.Release|Any CPU.Build.0 = Release|Any CPU
		{744A16EE-54F5-485F-BE86-606012D1047A}.Release|x64.ActiveCfg = Release|Any CPU
		{744A16EE-54F5-485F-BE86-606012D1047A}.Release|x64.Build.0 = Release|Any CPU
		{744A16EE-54F5-485F-BE86-606012D1047A}.Release|x86.ActiveCfg = Release|Any CPU
		{744A16EE-54F5-485F-BE86-606012D1047A}.Release|x86.Build.0 = Release|Any CPU
		{9665236F-4092-40A0-A73C-CBFEF944CED3}.Debug|Any CPU.ActiveCfg = Debug|Any CPU
		{9665236F-4092-40A0-A73C-CBFEF944CED3}.Debug|Any CPU.Build.0 = Debug|Any CPU
		{9665236F-4092-40A0-A73C-CBFEF944CED3}.Debug|x64.ActiveCfg = Debug|Any CPU
		{9665236F-4092-40A0-A73C-CBFEF944CED3}.Debug|x64.Build.0 = Debug|Any CPU
		{9665236F-4092-40A0-A73C-CBFEF944CED3}.Debug|x86.ActiveCfg = Debug|Any CPU
		{9665236F-4092-40A0-A73C-CBFEF944CED3}.Debug|x86.Build.0 = Debug|Any CPU
		{9665236F-4092-40A0-A73C-CBFEF944CED3}.Release|Any CPU.ActiveCfg = Release|Any CPU
		{9665236F-4092-40A0-A73C-CBFEF944CED3}.Release|Any CPU.Build.0 = Release|Any CPU
		{9665236F-4092-40A0-A73C-CBFEF944CED3}.Release|x64.ActiveCfg = Release|Any CPU
		{9665236F-4092-40A0-A73C-CBFEF944CED3}.Release|x64.Build.0 = Release|Any CPU
		{9665236F-4092-40A0-A73C-CBFEF944CED3}.Release|x86.ActiveCfg = Release|Any CPU
		{9665236F-4092-40A0-A73C-CBFEF944CED3}.Release|x86.Build.0 = Release|Any CPU
		{2DB14F29-B468-41FD-AB78-A5FA986CEBD1}.Debug|Any CPU.ActiveCfg = Debug|Any CPU
		{2DB14F29-B468-41FD-AB78-A5FA986CEBD1}.Debug|Any CPU.Build.0 = Debug|Any CPU
		{2DB14F29-B468-41FD-AB78-A5FA986CEBD1}.Debug|x64.ActiveCfg = Debug|Any CPU
		{2DB14F29-B468-41FD-AB78-A5FA986CEBD1}.Debug|x64.Build.0 = Debug|Any CPU
		{2DB14F29-B468-41FD-AB78-A5FA986CEBD1}.Debug|x86.ActiveCfg = Debug|Any CPU
		{2DB14F29-B468-41FD-AB78-A5FA986CEBD1}.Debug|x86.Build.0 = Debug|Any CPU
		{2DB14F29-B468-41FD-AB78-A5FA986CEBD1}.Release|Any CPU.ActiveCfg = Release|Any CPU
		{2DB14F29-B468-41FD-AB78-A5FA986CEBD1}.Release|Any CPU.Build.0 = Release|Any CPU
		{2DB14F29-B468-41FD-AB78-A5FA986CEBD1}.Release|x64.ActiveCfg = Release|Any CPU
		{2DB14F29-B468-41FD-AB78-A5FA986CEBD1}.Release|x64.Build.0 = Release|Any CPU
		{2DB14F29-B468-41FD-AB78-A5FA986CEBD1}.Release|x86.ActiveCfg = Release|Any CPU
		{2DB14F29-B468-41FD-AB78-A5FA986CEBD1}.Release|x86.Build.0 = Release|Any CPU
		{E087C4C6-8E55-428A-A0E9-2554D0F4DCAD}.Debug|Any CPU.ActiveCfg = Debug|Any CPU
		{E087C4C6-8E55-428A-A0E9-2554D0F4DCAD}.Debug|Any CPU.Build.0 = Debug|Any CPU
		{E087C4C6-8E55-428A-A0E9-2554D0F4DCAD}.Debug|x64.ActiveCfg = Debug|Any CPU
		{E087C4C6-8E55-428A-A0E9-2554D0F4DCAD}.Debug|x64.Build.0 = Debug|Any CPU
		{E087C4C6-8E55-428A-A0E9-2554D0F4DCAD}.Debug|x86.ActiveCfg = Debug|Any CPU
		{E087C4C6-8E55-428A-A0E9-2554D0F4DCAD}.Debug|x86.Build.0 = Debug|Any CPU
		{E087C4C6-8E55-428A-A0E9-2554D0F4DCAD}.Release|Any CPU.ActiveCfg = Release|Any CPU
		{E087C4C6-8E55-428A-A0E9-2554D0F4DCAD}.Release|Any CPU.Build.0 = Release|Any CPU
		{E087C4C6-8E55-428A-A0E9-2554D0F4DCAD}.Release|x64.ActiveCfg = Release|Any CPU
		{E087C4C6-8E55-428A-A0E9-2554D0F4DCAD}.Release|x64.Build.0 = Release|Any CPU
		{E087C4C6-8E55-428A-A0E9-2554D0F4DCAD}.Release|x86.ActiveCfg = Release|Any CPU
		{E087C4C6-8E55-428A-A0E9-2554D0F4DCAD}.Release|x86.Build.0 = Release|Any CPU
		{A96392E4-ACE3-4FF1-A9AD-28E7C6E3D228}.Debug|Any CPU.ActiveCfg = Debug|Any CPU
		{A96392E4-ACE3-4FF1-A9AD-28E7C6E3D228}.Debug|Any CPU.Build.0 = Debug|Any CPU
		{A96392E4-ACE3-4FF1-A9AD-28E7C6E3D228}.Debug|x64.ActiveCfg = Debug|Any CPU
		{A96392E4-ACE3-4FF1-A9AD-28E7C6E3D228}.Debug|x64.Build.0 = Debug|Any CPU
		{A96392E4-ACE3-4FF1-A9AD-28E7C6E3D228}.Debug|x86.ActiveCfg = Debug|Any CPU
		{A96392E4-ACE3-4FF1-A9AD-28E7C6E3D228}.Debug|x86.Build.0 = Debug|Any CPU
		{A96392E4-ACE3-4FF1-A9AD-28E7C6E3D228}.Release|Any CPU.ActiveCfg = Release|Any CPU
		{A96392E4-ACE3-4FF1-A9AD-28E7C6E3D228}.Release|Any CPU.Build.0 = Release|Any CPU
		{A96392E4-ACE3-4FF1-A9AD-28E7C6E3D228}.Release|x64.ActiveCfg = Release|Any CPU
		{A96392E4-ACE3-4FF1-A9AD-28E7C6E3D228}.Release|x64.Build.0 = Release|Any CPU
		{A96392E4-ACE3-4FF1-A9AD-28E7C6E3D228}.Release|x86.ActiveCfg = Release|Any CPU
		{A96392E4-ACE3-4FF1-A9AD-28E7C6E3D228}.Release|x86.Build.0 = Release|Any CPU
		{27F2D0CB-E224-4CE3-8683-11CDED1576BB}.Debug|Any CPU.ActiveCfg = Debug|Any CPU
		{27F2D0CB-E224-4CE3-8683-11CDED1576BB}.Debug|Any CPU.Build.0 = Debug|Any CPU
		{27F2D0CB-E224-4CE3-8683-11CDED1576BB}.Debug|x64.ActiveCfg = Debug|Any CPU
		{27F2D0CB-E224-4CE3-8683-11CDED1576BB}.Debug|x64.Build.0 = Debug|Any CPU
		{27F2D0CB-E224-4CE3-8683-11CDED1576BB}.Debug|x86.ActiveCfg = Debug|Any CPU
		{27F2D0CB-E224-4CE3-8683-11CDED1576BB}.Debug|x86.Build.0 = Debug|Any CPU
		{27F2D0CB-E224-4CE3-8683-11CDED1576BB}.Release|Any CPU.ActiveCfg = Release|Any CPU
		{27F2D0CB-E224-4CE3-8683-11CDED1576BB}.Release|Any CPU.Build.0 = Release|Any CPU
		{27F2D0CB-E224-4CE3-8683-11CDED1576BB}.Release|x64.ActiveCfg = Release|Any CPU
		{27F2D0CB-E224-4CE3-8683-11CDED1576BB}.Release|x64.Build.0 = Release|Any CPU
		{27F2D0CB-E224-4CE3-8683-11CDED1576BB}.Release|x86.ActiveCfg = Release|Any CPU
		{27F2D0CB-E224-4CE3-8683-11CDED1576BB}.Release|x86.Build.0 = Release|Any CPU
		{74C4CE2F-3DC3-4472-ACF6-13164CB99785}.Debug|Any CPU.ActiveCfg = Debug|Any CPU
		{74C4CE2F-3DC3-4472-ACF6-13164CB99785}.Debug|Any CPU.Build.0 = Debug|Any CPU
		{74C4CE2F-3DC3-4472-ACF6-13164CB99785}.Debug|x64.ActiveCfg = Debug|Any CPU
		{74C4CE2F-3DC3-4472-ACF6-13164CB99785}.Debug|x64.Build.0 = Debug|Any CPU
		{74C4CE2F-3DC3-4472-ACF6-13164CB99785}.Debug|x86.ActiveCfg = Debug|Any CPU
		{74C4CE2F-3DC3-4472-ACF6-13164CB99785}.Debug|x86.Build.0 = Debug|Any CPU
		{74C4CE2F-3DC3-4472-ACF6-13164CB99785}.Release|Any CPU.ActiveCfg = Release|Any CPU
		{74C4CE2F-3DC3-4472-ACF6-13164CB99785}.Release|Any CPU.Build.0 = Release|Any CPU
		{74C4CE2F-3DC3-4472-ACF6-13164CB99785}.Release|x64.ActiveCfg = Release|Any CPU
		{74C4CE2F-3DC3-4472-ACF6-13164CB99785}.Release|x64.Build.0 = Release|Any CPU
		{74C4CE2F-3DC3-4472-ACF6-13164CB99785}.Release|x86.ActiveCfg = Release|Any CPU
		{74C4CE2F-3DC3-4472-ACF6-13164CB99785}.Release|x86.Build.0 = Release|Any CPU
		{1EAEC93D-833C-4D23-886A-8ED99D9392BF}.Debug|Any CPU.ActiveCfg = Debug|Any CPU
		{1EAEC93D-833C-4D23-886A-8ED99D9392BF}.Debug|Any CPU.Build.0 = Debug|Any CPU
		{1EAEC93D-833C-4D23-886A-8ED99D9392BF}.Debug|x64.ActiveCfg = Debug|Any CPU
		{1EAEC93D-833C-4D23-886A-8ED99D9392BF}.Debug|x64.Build.0 = Debug|Any CPU
		{1EAEC93D-833C-4D23-886A-8ED99D9392BF}.Debug|x86.ActiveCfg = Debug|Any CPU
		{1EAEC93D-833C-4D23-886A-8ED99D9392BF}.Debug|x86.Build.0 = Debug|Any CPU
		{1EAEC93D-833C-4D23-886A-8ED99D9392BF}.Release|Any CPU.ActiveCfg = Release|Any CPU
		{1EAEC93D-833C-4D23-886A-8ED99D9392BF}.Release|Any CPU.Build.0 = Release|Any CPU
		{1EAEC93D-833C-4D23-886A-8ED99D9392BF}.Release|x64.ActiveCfg = Release|Any CPU
		{1EAEC93D-833C-4D23-886A-8ED99D9392BF}.Release|x64.Build.0 = Release|Any CPU
		{1EAEC93D-833C-4D23-886A-8ED99D9392BF}.Release|x86.ActiveCfg = Release|Any CPU
		{1EAEC93D-833C-4D23-886A-8ED99D9392BF}.Release|x86.Build.0 = Release|Any CPU
	EndGlobalSection
	GlobalSection(SolutionProperties) = preSolution
		HideSolutionNode = FALSE
	EndGlobalSection
	GlobalSection(NestedProjects) = preSolution
		{9665236F-4092-40A0-A73C-CBFEF944CED3} = {3B8D6059-AC5E-42F6-A5A0-350D1FCC113F}
		{2DB14F29-B468-41FD-AB78-A5FA986CEBD1} = {3B8D6059-AC5E-42F6-A5A0-350D1FCC113F}
		{E087C4C6-8E55-428A-A0E9-2554D0F4DCAD} = {3B8D6059-AC5E-42F6-A5A0-350D1FCC113F}
		{A96392E4-ACE3-4FF1-A9AD-28E7C6E3D228} = {3B8D6059-AC5E-42F6-A5A0-350D1FCC113F}
		{27F2D0CB-E224-4CE3-8683-11CDED1576BB} = {3B8D6059-AC5E-42F6-A5A0-350D1FCC113F}
	EndGlobalSection
	GlobalSection(ExtensibilityGlobals) = postSolution
		SolutionGuid = {7E47E542-800F-4E36-88FB-91DDA4779AD0}
	EndGlobalSection
EndGlobal
